// !$*UTF8*$!
{
	archiveVersion = 1;
	classes = {
	};
	objectVersion = 46;
	objects = {

/* Begin PBXBuildFile section */
		2765CF7815544FAA0087D810 /* DocEditor.m in Sources */ = {isa = PBXBuildFile; fileRef = 2765CF7715544FAA0087D810 /* DocEditor.m */; };
		278B0C6F152A64A900577747 /* DBDocument.m in Sources */ = {isa = PBXBuildFile; fileRef = 278B0C6D152A64A900577747 /* DBDocument.m */; };
		278B0C72152A6B7C00577747 /* TouchDBDoc.icns in Resources */ = {isa = PBXBuildFile; fileRef = 278B0C71152A6B7C00577747 /* TouchDBDoc.icns */; };
		278C85B81554810D0016C7A4 /* JSONFormatter.m in Sources */ = {isa = PBXBuildFile; fileRef = 278C85B71554810D0016C7A4 /* JSONFormatter.m */; };
		27A8A777152A008200363704 /* Cocoa.framework in Frameworks */ = {isa = PBXBuildFile; fileRef = 27A8A776152A008200363704 /* Cocoa.framework */; };
		27A8A781152A008200363704 /* InfoPlist.strings in Resources */ = {isa = PBXBuildFile; fileRef = 27A8A77F152A008200363704 /* InfoPlist.strings */; };
		27A8A783152A008200363704 /* main.m in Sources */ = {isa = PBXBuildFile; fileRef = 27A8A782152A008200363704 /* main.m */; };
		27A8A787152A008200363704 /* Credits.rtf in Resources */ = {isa = PBXBuildFile; fileRef = 27A8A785152A008200363704 /* Credits.rtf */; };
		27A8A78A152A008200363704 /* AppDelegate.m in Sources */ = {isa = PBXBuildFile; fileRef = 27A8A789152A008200363704 /* AppDelegate.m */; };
		27A8A78D152A008200363704 /* MainMenu.xib in Resources */ = {isa = PBXBuildFile; fileRef = 27A8A78B152A008200363704 /* MainMenu.xib */; };
		27A8A79A152A01FF00363704 /* DBWindowController.m in Sources */ = {isa = PBXBuildFile; fileRef = 27A8A798152A01FF00363704 /* DBWindowController.m */; };
		27A8A79B152A01FF00363704 /* DBWindowController.xib in Resources */ = {isa = PBXBuildFile; fileRef = 27A8A799152A01FF00363704 /* DBWindowController.xib */; };
		27F3A62D15EE70B300263663 /* DocHistory.m in Sources */ = {isa = PBXBuildFile; fileRef = 27F3A62C15EE70B300263663 /* DocHistory.m */; };
		27F3A63015EE98C100263663 /* QueryResultController.m in Sources */ = {isa = PBXBuildFile; fileRef = 27F3A62F15EE98C100263663 /* QueryResultController.m */; };
		27F3A63315EEA06900263663 /* RevTreeController.m in Sources */ = {isa = PBXBuildFile; fileRef = 27F3A63215EEA06900263663 /* RevTreeController.m */; };
		27F3A63515F002F900263663 /* CouchCocoa.framework in Frameworks */ = {isa = PBXBuildFile; fileRef = 27F3A63415F002F900263663 /* CouchCocoa.framework */; };
		27F3A63715F0030000263663 /* TouchDB.framework in Frameworks */ = {isa = PBXBuildFile; fileRef = 27F3A63615F0030000263663 /* TouchDB.framework */; };
		27F3A63815F003C400263663 /* CouchCocoa.framework in Copy Frameworks */ = {isa = PBXBuildFile; fileRef = 27F3A63415F002F900263663 /* CouchCocoa.framework */; };
		27F3A63915F003C600263663 /* TouchDB.framework in Copy Frameworks */ = {isa = PBXBuildFile; fileRef = 27F3A63615F0030000263663 /* TouchDB.framework */; };
		27F3A63B15F0095800263663 /* database.icns in Resources */ = {isa = PBXBuildFile; fileRef = 27F3A63A15F0095800263663 /* database.icns */; };
		27F87AFC1555E7FD00F0A416 /* AppIcon.icns in Resources */ = {isa = PBXBuildFile; fileRef = 27F87AFB1555E7FC00F0A416 /* AppIcon.icns */; };
/* End PBXBuildFile section */

/* Begin PBXCopyFilesBuildPhase section */
		273A438E153C935F00AEC9D7 /* Copy Frameworks */ = {
			isa = PBXCopyFilesBuildPhase;
			buildActionMask = 2147483647;
			dstPath = "";
			dstSubfolderSpec = 10;
			files = (
				27F3A63815F003C400263663 /* CouchCocoa.framework in Copy Frameworks */,
				27F3A63915F003C600263663 /* TouchDB.framework in Copy Frameworks */,
			);
			name = "Copy Frameworks";
			runOnlyForDeploymentPostprocessing = 0;
		};
/* End PBXCopyFilesBuildPhase section */

/* Begin PBXFileReference section */
		2765CF7615544FAA0087D810 /* DocEditor.h */ = {isa = PBXFileReference; fileEncoding = 4; lastKnownFileType = sourcecode.c.h; path = DocEditor.h; sourceTree = "<group>"; };
		2765CF7715544FAA0087D810 /* DocEditor.m */ = {isa = PBXFileReference; fileEncoding = 4; lastKnownFileType = sourcecode.c.objc; path = DocEditor.m; sourceTree = "<group>"; };
		278B0C6C152A64A900577747 /* DBDocument.h */ = {isa = PBXFileReference; fileEncoding = 4; lastKnownFileType = sourcecode.c.h; path = DBDocument.h; sourceTree = "<group>"; };
		278B0C6D152A64A900577747 /* DBDocument.m */ = {isa = PBXFileReference; fileEncoding = 4; lastKnownFileType = sourcecode.c.objc; path = DBDocument.m; sourceTree = "<group>"; };
		278B0C71152A6B7C00577747 /* TouchDBDoc.icns */ = {isa = PBXFileReference; lastKnownFileType = image.icns; path = TouchDBDoc.icns; sourceTree = "<group>"; };
		278C85B61554810D0016C7A4 /* JSONFormatter.h */ = {isa = PBXFileReference; fileEncoding = 4; lastKnownFileType = sourcecode.c.h; path = JSONFormatter.h; sourceTree = "<group>"; };
		278C85B71554810D0016C7A4 /* JSONFormatter.m */ = {isa = PBXFileReference; fileEncoding = 4; lastKnownFileType = sourcecode.c.objc; path = JSONFormatter.m; sourceTree = "<group>"; };
		27A8A772152A008200363704 /* TouchDB Viewer.app */ = {isa = PBXFileReference; explicitFileType = wrapper.application; includeInIndex = 0; path = "TouchDB Viewer.app"; sourceTree = BUILT_PRODUCTS_DIR; };
		27A8A776152A008200363704 /* Cocoa.framework */ = {isa = PBXFileReference; lastKnownFileType = wrapper.framework; name = Cocoa.framework; path = System/Library/Frameworks/Cocoa.framework; sourceTree = SDKROOT; };
		27A8A779152A008200363704 /* AppKit.framework */ = {isa = PBXFileReference; lastKnownFileType = wrapper.framework; name = AppKit.framework; path = System/Library/Frameworks/AppKit.framework; sourceTree = SDKROOT; };
		27A8A77A152A008200363704 /* CoreData.framework */ = {isa = PBXFileReference; lastKnownFileType = wrapper.framework; name = CoreData.framework; path = System/Library/Frameworks/CoreData.framework; sourceTree = SDKROOT; };
		27A8A77B152A008200363704 /* Foundation.framework */ = {isa = PBXFileReference; lastKnownFileType = wrapper.framework; name = Foundation.framework; path = System/Library/Frameworks/Foundation.framework; sourceTree = SDKROOT; };
		27A8A77E152A008200363704 /* TouchDB Viewer-Info.plist */ = {isa = PBXFileReference; lastKnownFileType = text.plist.xml; path = "TouchDB Viewer-Info.plist"; sourceTree = "<group>"; };
		27A8A780152A008200363704 /* en */ = {isa = PBXFileReference; lastKnownFileType = text.plist.strings; name = en; path = en.lproj/InfoPlist.strings; sourceTree = "<group>"; };
		27A8A782152A008200363704 /* main.m */ = {isa = PBXFileReference; lastKnownFileType = sourcecode.c.objc; path = main.m; sourceTree = "<group>"; };
		27A8A784152A008200363704 /* TouchDB Viewer-Prefix.pch */ = {isa = PBXFileReference; lastKnownFileType = sourcecode.c.h; path = "TouchDB Viewer-Prefix.pch"; sourceTree = "<group>"; };
		27A8A786152A008200363704 /* en */ = {isa = PBXFileReference; lastKnownFileType = text.rtf; name = en; path = en.lproj/Credits.rtf; sourceTree = "<group>"; };
		27A8A788152A008200363704 /* AppDelegate.h */ = {isa = PBXFileReference; lastKnownFileType = sourcecode.c.h; path = AppDelegate.h; sourceTree = "<group>"; };
		27A8A789152A008200363704 /* AppDelegate.m */ = {isa = PBXFileReference; lastKnownFileType = sourcecode.c.objc; path = AppDelegate.m; sourceTree = "<group>"; };
		27A8A78C152A008200363704 /* en */ = {isa = PBXFileReference; lastKnownFileType = file.xib; name = en; path = en.lproj/MainMenu.xib; sourceTree = "<group>"; };
		27A8A797152A01FF00363704 /* DBWindowController.h */ = {isa = PBXFileReference; fileEncoding = 4; lastKnownFileType = sourcecode.c.h; path = DBWindowController.h; sourceTree = "<group>"; };
		27A8A798152A01FF00363704 /* DBWindowController.m */ = {isa = PBXFileReference; fileEncoding = 4; lastKnownFileType = sourcecode.c.objc; path = DBWindowController.m; sourceTree = "<group>"; };
		27A8A799152A01FF00363704 /* DBWindowController.xib */ = {isa = PBXFileReference; fileEncoding = 4; lastKnownFileType = file.xib; path = DBWindowController.xib; sourceTree = "<group>"; };
		27F3A62B15EE70B300263663 /* DocHistory.h */ = {isa = PBXFileReference; fileEncoding = 4; lastKnownFileType = sourcecode.c.h; path = DocHistory.h; sourceTree = "<group>"; };
		27F3A62C15EE70B300263663 /* DocHistory.m */ = {isa = PBXFileReference; fileEncoding = 4; lastKnownFileType = sourcecode.c.objc; path = DocHistory.m; sourceTree = "<group>"; };
		27F3A62E15EE98C000263663 /* QueryResultController.h */ = {isa = PBXFileReference; fileEncoding = 4; lastKnownFileType = sourcecode.c.h; path = QueryResultController.h; sourceTree = "<group>"; };
		27F3A62F15EE98C100263663 /* QueryResultController.m */ = {isa = PBXFileReference; fileEncoding = 4; lastKnownFileType = sourcecode.c.objc; path = QueryResultController.m; sourceTree = "<group>"; };
		27F3A63115EEA06900263663 /* RevTreeController.h */ = {isa = PBXFileReference; fileEncoding = 4; lastKnownFileType = sourcecode.c.h; path = RevTreeController.h; sourceTree = "<group>"; };
		27F3A63215EEA06900263663 /* RevTreeController.m */ = {isa = PBXFileReference; fileEncoding = 4; lastKnownFileType = sourcecode.c.objc; path = RevTreeController.m; sourceTree = "<group>"; };
		27F3A63415F002F900263663 /* CouchCocoa.framework */ = {isa = PBXFileReference; lastKnownFileType = wrapper.framework; name = CouchCocoa.framework; path = Frameworks/CouchCocoa.framework; sourceTree = "<group>"; };
		27F3A63615F0030000263663 /* TouchDB.framework */ = {isa = PBXFileReference; lastKnownFileType = wrapper.framework; name = TouchDB.framework; path = Frameworks/TouchDB.framework; sourceTree = "<group>"; };
		27F3A63A15F0095800263663 /* database.icns */ = {isa = PBXFileReference; lastKnownFileType = image.icns; path = database.icns; sourceTree = "<group>"; };
		27F87AFB1555E7FC00F0A416 /* AppIcon.icns */ = {isa = PBXFileReference; lastKnownFileType = image.icns; name = AppIcon.icns; path = ../AppIcon.icns; sourceTree = "<group>"; };
		27F87AFD1555EC5000F0A416 /* README.md */ = {isa = PBXFileReference; lastKnownFileType = text; path = README.md; sourceTree = "<group>"; };
/* End PBXFileReference section */

/* Begin PBXFrameworksBuildPhase section */
		27A8A76F152A008200363704 /* Frameworks */ = {
			isa = PBXFrameworksBuildPhase;
			buildActionMask = 2147483647;
			files = (
				27A8A777152A008200363704 /* Cocoa.framework in Frameworks */,
				27F3A63515F002F900263663 /* CouchCocoa.framework in Frameworks */,
				27F3A63715F0030000263663 /* TouchDB.framework in Frameworks */,
			);
			runOnlyForDeploymentPostprocessing = 0;
		};
/* End PBXFrameworksBuildPhase section */

/* Begin PBXGroup section */
		27A8A767152A008100363704 = {
			isa = PBXGroup;
			children = (
				27F87AFD1555EC5000F0A416 /* README.md */,
				27A8A77C152A008200363704 /* TouchDB Viewer */,
				27A8A775152A008200363704 /* Frameworks */,
				27A8A773152A008200363704 /* Products */,
			);
			sourceTree = "<group>";
		};
		27A8A773152A008200363704 /* Products */ = {
			isa = PBXGroup;
			children = (
				27A8A772152A008200363704 /* TouchDB Viewer.app */,
			);
			name = Products;
			sourceTree = "<group>";
		};
		27A8A775152A008200363704 /* Frameworks */ = {
			isa = PBXGroup;
			children = (
				27F3A63415F002F900263663 /* CouchCocoa.framework */,
				27F3A63615F0030000263663 /* TouchDB.framework */,
				27A8A776152A008200363704 /* Cocoa.framework */,
				27A8A778152A008200363704 /* Other Frameworks */,
			);
			name = Frameworks;
			sourceTree = "<group>";
		};
		27A8A778152A008200363704 /* Other Frameworks */ = {
			isa = PBXGroup;
			children = (
				27A8A779152A008200363704 /* AppKit.framework */,
				27A8A77A152A008200363704 /* CoreData.framework */,
				27A8A77B152A008200363704 /* Foundation.framework */,
			);
			name = "Other Frameworks";
			sourceTree = "<group>";
		};
		27A8A77C152A008200363704 /* TouchDB Viewer */ = {
			isa = PBXGroup;
			children = (
				27A8A788152A008200363704 /* AppDelegate.h */,
				27A8A789152A008200363704 /* AppDelegate.m */,
				27A8A78B152A008200363704 /* MainMenu.xib */,
				27A8A797152A01FF00363704 /* DBWindowController.h */,
				27A8A798152A01FF00363704 /* DBWindowController.m */,
				27F3A62E15EE98C000263663 /* QueryResultController.h */,
				27F3A62F15EE98C100263663 /* QueryResultController.m */,
				27F3A63115EEA06900263663 /* RevTreeController.h */,
				27F3A63215EEA06900263663 /* RevTreeController.m */,
				2765CF7615544FAA0087D810 /* DocEditor.h */,
				2765CF7715544FAA0087D810 /* DocEditor.m */,
				27A8A799152A01FF00363704 /* DBWindowController.xib */,
				27F3A62B15EE70B300263663 /* DocHistory.h */,
				27F3A62C15EE70B300263663 /* DocHistory.m */,
				278B0C6C152A64A900577747 /* DBDocument.h */,
				278B0C6D152A64A900577747 /* DBDocument.m */,
				278C85B61554810D0016C7A4 /* JSONFormatter.h */,
				278C85B71554810D0016C7A4 /* JSONFormatter.m */,
				27A8A77D152A008200363704 /* Supporting Files */,
			);
			path = "TouchDB Viewer";
			sourceTree = "<group>";
		};
		27A8A77D152A008200363704 /* Supporting Files */ = {
			isa = PBXGroup;
			children = (
				27F87AFB1555E7FC00F0A416 /* AppIcon.icns */,
				278B0C71152A6B7C00577747 /* TouchDBDoc.icns */,
				27A8A77E152A008200363704 /* TouchDB Viewer-Info.plist */,
				27A8A77F152A008200363704 /* InfoPlist.strings */,
				27A8A782152A008200363704 /* main.m */,
				27A8A784152A008200363704 /* TouchDB Viewer-Prefix.pch */,
				27A8A785152A008200363704 /* Credits.rtf */,
				27F3A63A15F0095800263663 /* database.icns */,
			);
			name = "Supporting Files";
			sourceTree = "<group>";
		};
/* End PBXGroup section */

/* Begin PBXNativeTarget section */
		27A8A771152A008200363704 /* TouchDB Viewer */ = {
			isa = PBXNativeTarget;
			buildConfigurationList = 27A8A790152A008200363704 /* Build configuration list for PBXNativeTarget "TouchDB Viewer" */;
			buildPhases = (
				27A8A76E152A008200363704 /* Sources */,
				27A8A76F152A008200363704 /* Frameworks */,
				27A8A770152A008200363704 /* Resources */,
				273A438E153C935F00AEC9D7 /* Copy Frameworks */,
			);
			buildRules = (
			);
			dependencies = (
			);
			name = "TouchDB Viewer";
			productName = "TouchDB Viewer";
			productReference = 27A8A772152A008200363704 /* TouchDB Viewer.app */;
			productType = "com.apple.product-type.application";
		};
/* End PBXNativeTarget section */

/* Begin PBXProject section */
		27A8A769152A008100363704 /* Project object */ = {
			isa = PBXProject;
			attributes = {
				LastUpgradeCheck = 0440;
				ORGANIZATIONNAME = "Couchbase, Inc.";
			};
			buildConfigurationList = 27A8A76C152A008100363704 /* Build configuration list for PBXProject "TouchDB Viewer" */;
			compatibilityVersion = "Xcode 3.2";
			developmentRegion = English;
			hasScannedForEncodings = 0;
			knownRegions = (
				en,
			);
			mainGroup = 27A8A767152A008100363704;
			productRefGroup = 27A8A773152A008200363704 /* Products */;
			projectDirPath = "";
			projectRoot = "";
			targets = (
				27A8A771152A008200363704 /* TouchDB Viewer */,
			);
		};
/* End PBXProject section */

/* Begin PBXResourcesBuildPhase section */
		27A8A770152A008200363704 /* Resources */ = {
			isa = PBXResourcesBuildPhase;
			buildActionMask = 2147483647;
			files = (
				27A8A781152A008200363704 /* InfoPlist.strings in Resources */,
				27A8A787152A008200363704 /* Credits.rtf in Resources */,
				27A8A78D152A008200363704 /* MainMenu.xib in Resources */,
				27A8A79B152A01FF00363704 /* DBWindowController.xib in Resources */,
				278B0C72152A6B7C00577747 /* TouchDBDoc.icns in Resources */,
				27F87AFC1555E7FD00F0A416 /* AppIcon.icns in Resources */,
				27F3A63B15F0095800263663 /* database.icns in Resources */,
			);
			runOnlyForDeploymentPostprocessing = 0;
		};
/* End PBXResourcesBuildPhase section */

/* Begin PBXSourcesBuildPhase section */
		27A8A76E152A008200363704 /* Sources */ = {
			isa = PBXSourcesBuildPhase;
			buildActionMask = 2147483647;
			files = (
				27A8A783152A008200363704 /* main.m in Sources */,
				27A8A78A152A008200363704 /* AppDelegate.m in Sources */,
				27A8A79A152A01FF00363704 /* DBWindowController.m in Sources */,
				278B0C6F152A64A900577747 /* DBDocument.m in Sources */,
				2765CF7815544FAA0087D810 /* DocEditor.m in Sources */,
				278C85B81554810D0016C7A4 /* JSONFormatter.m in Sources */,
				27F3A62D15EE70B300263663 /* DocHistory.m in Sources */,
				27F3A63015EE98C100263663 /* QueryResultController.m in Sources */,
				27F3A63315EEA06900263663 /* RevTreeController.m in Sources */,
			);
			runOnlyForDeploymentPostprocessing = 0;
		};
/* End PBXSourcesBuildPhase section */

/* Begin PBXVariantGroup section */
		27A8A77F152A008200363704 /* InfoPlist.strings */ = {
			isa = PBXVariantGroup;
			children = (
				27A8A780152A008200363704 /* en */,
			);
			name = InfoPlist.strings;
			sourceTree = "<group>";
		};
		27A8A785152A008200363704 /* Credits.rtf */ = {
			isa = PBXVariantGroup;
			children = (
				27A8A786152A008200363704 /* en */,
			);
			name = Credits.rtf;
			sourceTree = "<group>";
		};
		27A8A78B152A008200363704 /* MainMenu.xib */ = {
			isa = PBXVariantGroup;
			children = (
				27A8A78C152A008200363704 /* en */,
			);
			name = MainMenu.xib;
			sourceTree = "<group>";
		};
/* End PBXVariantGroup section */

/* Begin XCBuildConfiguration section */
		27A8A78E152A008200363704 /* Debug */ = {
			isa = XCBuildConfiguration;
			buildSettings = {
				ALWAYS_SEARCH_USER_PATHS = NO;
				ARCHS = "$(ARCHS_STANDARD_64_BIT)";
				CLANG_ENABLE_OBJC_ARC = YES;
				CLANG_WARN_OBJC_MISSING_PROPERTY_SYNTHESIS = YES;
				CLANG_WARN__DUPLICATE_METHOD_MATCH = YES;
				COPY_PHASE_STRIP = NO;
				CURRENT_PROJECT_VERSION = 0.1;
				GCC_C_LANGUAGE_STANDARD = gnu99;
				GCC_DYNAMIC_NO_PIC = NO;
				GCC_ENABLE_OBJC_EXCEPTIONS = YES;
				GCC_OPTIMIZATION_LEVEL = 0;
				GCC_PREPROCESSOR_DEFINITIONS = (
					"DEBUG=1",
					"$(inherited)",
				);
				GCC_SYMBOLS_PRIVATE_EXTERN = NO;
				GCC_TREAT_WARNINGS_AS_ERRORS = YES;
				GCC_VERSION = com.apple.compilers.llvm.clang.1_0;
				GCC_WARN_64_TO_32_BIT_CONVERSION = YES;
				GCC_WARN_ABOUT_RETURN_TYPE = YES;
				GCC_WARN_UNDECLARED_SELECTOR = YES;
				GCC_WARN_UNINITIALIZED_AUTOS = YES;
				GCC_WARN_UNUSED_VARIABLE = YES;
				MACOSX_DEPLOYMENT_TARGET = 10.7;
				ONLY_ACTIVE_ARCH = YES;
				SDKROOT = macosx;
				VERSIONING_SYSTEM = "apple-generic";
				WARNING_CFLAGS = "-Wall";
			};
			name = Debug;
		};
		27A8A78F152A008200363704 /* Release */ = {
			isa = XCBuildConfiguration;
			buildSettings = {
				ALWAYS_SEARCH_USER_PATHS = NO;
				ARCHS = "$(ARCHS_STANDARD_64_BIT)";
				CLANG_ENABLE_OBJC_ARC = YES;
				CLANG_WARN_OBJC_MISSING_PROPERTY_SYNTHESIS = YES;
				CLANG_WARN__DUPLICATE_METHOD_MATCH = YES;
				COPY_PHASE_STRIP = YES;
				CURRENT_PROJECT_VERSION = 0.1;
				DEBUG_INFORMATION_FORMAT = "dwarf-with-dsym";
				GCC_C_LANGUAGE_STANDARD = gnu99;
				GCC_ENABLE_OBJC_EXCEPTIONS = YES;
				GCC_TREAT_WARNINGS_AS_ERRORS = YES;
				GCC_VERSION = com.apple.compilers.llvm.clang.1_0;
				GCC_WARN_64_TO_32_BIT_CONVERSION = YES;
				GCC_WARN_ABOUT_RETURN_TYPE = YES;
				GCC_WARN_UNDECLARED_SELECTOR = YES;
				GCC_WARN_UNINITIALIZED_AUTOS = YES;
				GCC_WARN_UNUSED_VARIABLE = YES;
				MACOSX_DEPLOYMENT_TARGET = 10.7;
				SDKROOT = macosx;
				VERSIONING_SYSTEM = "apple-generic";
				WARNING_CFLAGS = "-Wall";
			};
			name = Release;
		};
		27A8A791152A008200363704 /* Debug */ = {
			isa = XCBuildConfiguration;
			buildSettings = {
				COMBINE_HIDPI_IMAGES = YES;
				FRAMEWORK_SEARCH_PATHS = (
					"$(inherited)",
					"\"$(SRCROOT)/Frameworks\"",
				);
				GCC_PRECOMPILE_PREFIX_HEADER = YES;
				GCC_PREFIX_HEADER = "TouchDB Viewer/TouchDB Viewer-Prefix.pch";
				INFOPLIST_FILE = "TouchDB Viewer/TouchDB Viewer-Info.plist";
				LD_RUNPATH_SEARCH_PATHS = "@executable_path/../Frameworks/";
				PRODUCT_NAME = "$(TARGET_NAME)";
				WRAPPER_EXTENSION = app;
			};
			name = Debug;
		};
		27A8A792152A008200363704 /* Release */ = {
			isa = XCBuildConfiguration;
			buildSettings = {
				COMBINE_HIDPI_IMAGES = YES;
				FRAMEWORK_SEARCH_PATHS = (
					"$(inherited)",
					"\"$(SRCROOT)/Frameworks\"",
				);
				GCC_PRECOMPILE_PREFIX_HEADER = YES;
				GCC_PREFIX_HEADER = "TouchDB Viewer/TouchDB Viewer-Prefix.pch";
				INFOPLIST_FILE = "TouchDB Viewer/TouchDB Viewer-Info.plist";
				LD_RUNPATH_SEARCH_PATHS = "@executable_path/../Frameworks/";
				PRODUCT_NAME = "$(TARGET_NAME)";
				WRAPPER_EXTENSION = app;
			};
			name = Release;
		};
/* End XCBuildConfiguration section */

/* Begin XCConfigurationList section */
		27A8A76C152A008100363704 /* Build configuration list for PBXProject "TouchDB Viewer" */ = {
			isa = XCConfigurationList;
			buildConfigurations = (
				27A8A78E152A008200363704 /* Debug */,
				27A8A78F152A008200363704 /* Release */,
			);
			defaultConfigurationIsVisible = 0;
			defaultConfigurationName = Release;
		};
		27A8A790152A008200363704 /* Build configuration list for PBXNativeTarget "TouchDB Viewer" */ = {
			isa = XCConfigurationList;
			buildConfigurations = (
				27A8A791152A008200363704 /* Debug */,
				27A8A792152A008200363704 /* Release */,
			);
			defaultConfigurationIsVisible = 0;
			defaultConfigurationName = Release;
		};
/* End XCConfigurationList section */
	};
	rootObject = 27A8A769152A008100363704 /* Project object */;
}
